
Microsoft Visual Studio Solution File, Format Version 12.00
# Visual Studio Version 17
VisualStudioVersion = 17.14.36414.22
MinimumVisualStudioVersion = 10.0.40219.1
Project("{FAE04EC0-301F-11D3-BF4B-00C04F79EFBC}") = "Codemy.Identity.Domain", "src\Services\Identity\Domain\Codemy.Identity.Domain.csproj", "{D6C3AA30-9567-4B4E-A831-67FEE9D3B3C2}"
EndProject
Project("{2150E333-8FDC-42A3-9474-1A3956D46DE8}") = "src", "src", "{02EA681E-C7D8-13C7-8484-4AC65E1B71E8}"
EndProject
Project("{2150E333-8FDC-42A3-9474-1A3956D46DE8}") = "ApiGateway", "ApiGateway", "{403D4A00-0723-486D-96B8-7569AA823E4B}"
EndProject
Project("{2150E333-8FDC-42A3-9474-1A3956D46DE8}") = "Services", "Services", "{6F5856A8-9C9A-4C39-8B82-15641093381B}"
EndProject
Project("{2150E333-8FDC-42A3-9474-1A3956D46DE8}") = "Identity", "Identity", "{F91DC6BF-EC83-49AE-AEC3-D24AA641E8BE}"
EndProject
Project("{2150E333-8FDC-42A3-9474-1A3956D46DE8}") = "Video", "Video", "{56283B81-EABB-47EC-9644-4CD6D05E0F18}"
EndProject
Project("{2150E333-8FDC-42A3-9474-1A3956D46DE8}") = "Enrollement", "Enrollement", "{E8F586E1-2B79-4EE5-91AE-B83A4898D12A}"
EndProject
Project("{2150E333-8FDC-42A3-9474-1A3956D46DE8}") = "Payment", "Payment", "{31307A0C-4086-4842-92BC-9FD931AA8CF5}"
EndProject
Project("{2150E333-8FDC-42A3-9474-1A3956D46DE8}") = "Review", "Review", "{A8B11084-8AE3-4C30-831B-AC8A79A73E10}"
EndProject
Project("{2150E333-8FDC-42A3-9474-1A3956D46DE8}") = "Notification", "Notification", "{9B74312C-CFCE-4828-801A-421532E300E0}"
EndProject
Project("{2150E333-8FDC-42A3-9474-1A3956D46DE8}") = "Search", "Search", "{4129C421-A4A0-4D1B-8777-77FA9B8DD39B}"
EndProject
Project("{2150E333-8FDC-42A3-9474-1A3956D46DE8}") = "BuildingBlocks", "BuildingBlocks", "{1FD65424-EA29-4389-B71D-1031ECA31317}"
EndProject
Project("{2150E333-8FDC-42A3-9474-1A3956D46DE8}") = "tests", "tests", "{F5E98538-C58C-4781-BBCA-5D9444BB9092}"
EndProject
Project("{FAE04EC0-301F-11D3-BF4B-00C04F79EFBC}") = "Codemy.Identity.Application", "src\Services\Identity\Application\Codemy.Identity.Application.csproj", "{3825D5ED-AC63-4629-A61B-75A2FF920E4D}"
EndProject
Project("{FAE04EC0-301F-11D3-BF4B-00C04F79EFBC}") = "Codemy.Identity.Infrastructure", "src\Services\Identity\Infrastructure\Codemy.Identity.Infrastructure.csproj", "{7E457CBA-F820-46A8-B980-289DF41BA5ED}"
EndProject
Project("{FAE04EC0-301F-11D3-BF4B-00C04F79EFBC}") = "Codemy.Identity.API", "src\Services\Identity\API\Codemy.Identity.API.csproj", "{9F3AAD31-DD4F-4A8E-974E-75AD808E6B33}"
EndProject
Project("{FAE04EC0-301F-11D3-BF4B-00C04F79EFBC}") = "Codemy.Video.Domain", "src\Services\Video\Domain\Codemy.Video.Domain.csproj", "{433CF4B4-FDEE-48F1-883C-D836E3F52D42}"
EndProject
Project("{FAE04EC0-301F-11D3-BF4B-00C04F79EFBC}") = "Codemy.Video.Application", "src\Services\Video\Application\Codemy.Video.Application.csproj", "{E1CDB1EA-B6F2-4FD9-8423-9B03BFA678DE}"
EndProject
Project("{FAE04EC0-301F-11D3-BF4B-00C04F79EFBC}") = "Codemy.Video.Infrastructure", "src\Services\Video\Infrastructure\Codemy.Video.Infrastructure.csproj", "{705AEFA5-3207-4ED6-A28D-ECB21D9C2BF0}"
EndProject
Project("{FAE04EC0-301F-11D3-BF4B-00C04F79EFBC}") = "Codemy.Video.API", "src\Services\Video\API\Codemy.Video.API.csproj", "{2980723F-1FA2-439A-AB1C-2190C6B4AB8A}"
EndProject
Project("{FAE04EC0-301F-11D3-BF4B-00C04F79EFBC}") = "Codemy.Enrollment.Domain", "src\Services\Enrollment\Domain\Codemy.Enrollment.Domain.csproj", "{1E02AC58-34D1-4148-833C-5CB7D33D7D00}"
EndProject
Project("{FAE04EC0-301F-11D3-BF4B-00C04F79EFBC}") = "Codemy.Enrollment.Application", "src\Services\Enrollment\Application\Codemy.Enrollment.Application.csproj", "{FC7DD85E-3187-4A9C-BCC8-5922F784942D}"
EndProject
Project("{FAE04EC0-301F-11D3-BF4B-00C04F79EFBC}") = "Codemy.Enrollment.Infrastructure", "src\Services\Enrollment\Infrastructure\Codemy.Enrollment.Infrastructure.csproj", "{EF77FEAE-C3F9-43F7-B901-68EE741B1AB5}"
EndProject
Project("{FAE04EC0-301F-11D3-BF4B-00C04F79EFBC}") = "Codemy.Enrollment.API", "src\Services\Enrollment\API\Codemy.Enrollment.API.csproj", "{9A8884DD-EC25-4D97-9D79-E10538C9DC99}"
EndProject
Project("{FAE04EC0-301F-11D3-BF4B-00C04F79EFBC}") = "Codemy.Payment.Domain", "src\Services\Payment\Domain\Codemy.Payment.Domain.csproj", "{897C67EA-5FE1-4238-8A57-B1E828583F25}"
EndProject
Project("{FAE04EC0-301F-11D3-BF4B-00C04F79EFBC}") = "Codemy.Payment.Application", "src\Services\Payment\Application\Codemy.Payment.Application.csproj", "{DAA42171-4DBC-4A6A-A981-914F6029AEFC}"
EndProject
Project("{FAE04EC0-301F-11D3-BF4B-00C04F79EFBC}") = "Codemy.Payment.Infrastructure", "src\Services\Payment\Infrastructure\Codemy.Payment.Infrastructure.csproj", "{1D6A37A5-52BC-4C09-BB86-29E18C28B8DB}"
EndProject
Project("{FAE04EC0-301F-11D3-BF4B-00C04F79EFBC}") = "Codemy.Payment.API", "src\Services\Payment\API\Codemy.Payment.API.csproj", "{6D348AF4-1DAA-49E1-B644-5495AE82338F}"
EndProject
Project("{FAE04EC0-301F-11D3-BF4B-00C04F79EFBC}") = "Codemy.Review.Domain", "src\Services\Review\Domain\Codemy.Review.Domain.csproj", "{A20640F8-57BB-42A3-950C-10830AFA243D}"
EndProject
Project("{FAE04EC0-301F-11D3-BF4B-00C04F79EFBC}") = "Codemy.Review.Application", "src\Services\Review\Application\Codemy.Review.Application.csproj", "{3630F846-8AC6-4296-9185-5B55BE542233}"
EndProject
Project("{FAE04EC0-301F-11D3-BF4B-00C04F79EFBC}") = "Codemy.Review.Infrastructure", "src\Services\Review\Infrastructure\Codemy.Review.Infrastructure.csproj", "{21455CB7-293A-4AA6-84F0-638F741A2273}"
EndProject
Project("{FAE04EC0-301F-11D3-BF4B-00C04F79EFBC}") = "Codemy.Review.API", "src\Services\Review\API\Codemy.Review.API.csproj", "{27573C83-9E74-444B-B7D2-BD42B3D3827F}"
EndProject
Project("{FAE04EC0-301F-11D3-BF4B-00C04F79EFBC}") = "Codemy.Notification.Application", "src\Services\Notification\Application\Codemy.Notification.Application.csproj", "{C0D9B37D-12BD-486C-BFFD-B8886E7674F8}"
EndProject
Project("{FAE04EC0-301F-11D3-BF4B-00C04F79EFBC}") = "Codemy.Notification.Infrastructure", "src\Services\Notification\Infrastructure\Codemy.Notification.Infrastructure.csproj", "{FC78B755-23F8-428E-AFA6-4A548B0F7DA6}"
EndProject
Project("{FAE04EC0-301F-11D3-BF4B-00C04F79EFBC}") = "Codemy.Notification.API", "src\Services\Notification\API\Codemy.Notification.API.csproj", "{95A0BDA4-22B6-4A1C-BEB6-01091F107D5C}"
EndProject
Project("{FAE04EC0-301F-11D3-BF4B-00C04F79EFBC}") = "Codemy.Search.Application", "src\Services\Search\Application\Codemy.Search.Application.csproj", "{F86E7A6E-BAFC-44E2-A1FC-8DC1CC035362}"
EndProject
Project("{FAE04EC0-301F-11D3-BF4B-00C04F79EFBC}") = "Codemy.Search.Infrastructure", "src\Services\Search\Infrastructure\Codemy.Search.Infrastructure.csproj", "{EC015BAC-57FD-40B9-95AA-FA6C8B96DBA3}"
EndProject
Project("{FAE04EC0-301F-11D3-BF4B-00C04F79EFBC}") = "Codemy.Search.API", "src\Services\Search\API\Codemy.Search.API.csproj", "{5B8B3713-9B53-40E5-A065-C83FADEC8A45}"
EndProject
Project("{FAE04EC0-301F-11D3-BF4B-00C04F79EFBC}") = "Codemy.ApiGateway", "src\ApiGateway\ApiGateway\Codemy.ApiGateway.csproj", "{B8441DCF-439F-4338-B2A8-2474FDC76F42}"
EndProject
Project("{FAE04EC0-301F-11D3-BF4B-00C04F79EFBC}") = "Codemy.BuildingBlocks.Domain", "src\BuildingBlocks\Codemy.BuildingBlocks.Domain\Codemy.BuildingBlocks.Domain.csproj", "{912FC698-9AAA-4D0E-887E-8AD80E238C78}"
EndProject
Project("{FAE04EC0-301F-11D3-BF4B-00C04F79EFBC}") = "Codemy.BuildingBlocks.Application", "src\BuildingBlocks\Codemy.BuildingBlocks.Application\Codemy.BuildingBlocks.Application.csproj", "{98D7B548-550E-46C2-AB63-449DDA3A49D0}"
EndProject
Project("{FAE04EC0-301F-11D3-BF4B-00C04F79EFBC}") = "Codemy.BuildingBlocks.Infrastructure", "src\BuildingBlocks\Codemy.BuildingBlocks.Infrastructure\Codemy.BuildingBlocks.Infrastructure.csproj", "{8A78E7C7-75C8-4CB9-9EA2-78F3AC282D49}"
EndProject
Project("{FAE04EC0-301F-11D3-BF4B-00C04F79EFBC}") = "Codemy.BuildingBlocks.EventBus", "src\BuildingBlocks\Codemy.BuildingBlocks.EventBus\Codemy.BuildingBlocks.EventBus.csproj", "{ADDE3711-FFE4-4C9E-AC7D-618D66CE632B}"
EndProject
Project("{FAE04EC0-301F-11D3-BF4B-00C04F79EFBC}") = "Codemy.Identity.UnitTests", "tests\Codemy.Identity.UnitTests\Codemy.Identity.UnitTests.csproj", "{CC2FAD9F-6054-4BFB-A0AE-2B4C48F6F340}"
EndProject
Project("{FAE04EC0-301F-11D3-BF4B-00C04F79EFBC}") = "Codemy.Course.UnitTests", "tests\Codemy.Course.UnitTests\Codemy.Course.UnitTests.csproj", "{D78A03B1-8A9C-477B-8A14-856A158F59CB}"
EndProject
Project("{FAE04EC0-301F-11D3-BF4B-00C04F79EFBC}") = "Codemy.BuildingBlocks.Core", "src\BuildingBlocks\Core\Codemy.BuildingBlocks.Core.csproj", "{7D8E6F50-5923-4BF8-AA81-176AF29B6A7B}"
EndProject
Project("{2150E333-8FDC-42A3-9474-1A3956D46DE8}") = "Solution Items", "Solution Items", "{8EC462FD-D22E-90A8-E5CE-7E832BA40C5D}"
	ProjectSection(SolutionItems) = preProject
		.env = .env
		.env.example = .env.example
	EndProjectSection
EndProject
Project("{2150E333-8FDC-42A3-9474-1A3956D46DE8}") = "FileStorage", "FileStorage", "{58390FDC-7398-444A-B305-841F6301AB4F}"
EndProject
Project("{FAE04EC0-301F-11D3-BF4B-00C04F79EFBC}") = "Codemy.FileStorage.API", "src\Services\FileStorage\Codemy.FileStorage.API\Codemy.FileStorage.API.csproj", "{1DE68D2C-D5AC-48CF-9B18-C27BF4A98542}"
EndProject
Project("{FAE04EC0-301F-11D3-BF4B-00C04F79EFBC}") = "Codemy.FileStorage.Application", "src\Services\FileStorage\Codemy.FileStorage.Application\Codemy.FileStorage.Application.csproj", "{D3EB688C-3B78-4674-8283-595908A2FF76}"
EndProject
Project("{FAE04EC0-301F-11D3-BF4B-00C04F79EFBC}") = "Codemy.FileStorage.Infrastructure", "src\Services\FileStorage\Codemy.FileStorage.Infrastructure\Codemy.FileStorage.Infrastructure.csproj", "{19EED3F5-718D-48A2-8BA2-3009D8EEBABE}"
EndProject
Project("{FAE04EC0-301F-11D3-BF4B-00C04F79EFBC}") = "Codemy.FileStorage.Domain", "src\Services\FileStorage\Codemy.FileStorage.Domain\Codemy.FileStorage.Domain.csproj", "{633F901B-094A-47F1-B528-B2D57243A383}"
EndProject
Project("{2150E333-8FDC-42A3-9474-1A3956D46DE8}") = "Courses", "Courses", "{CAFB4736-B56B-4795-A948-9288A5500C8F}"
EndProject
Project("{FAE04EC0-301F-11D3-BF4B-00C04F79EFBC}") = "Codemy.Courses.API", "src\Services\Courses\API\Codemy.Courses.API.csproj", "{0C44D27E-0639-99A6-FC0D-FD4C6ED40334}"
EndProject
Project("{FAE04EC0-301F-11D3-BF4B-00C04F79EFBC}") = "Codemy.Courses.Application", "src\Services\Courses\Application\Codemy.Courses.Application.csproj", "{7E8D0464-515A-9D5E-D7FC-7D59BDD6A1C3}"
EndProject
Project("{FAE04EC0-301F-11D3-BF4B-00C04F79EFBC}") = "Codemy.Courses.Domain", "src\Services\Courses\Domain\Codemy.Courses.Domain.csproj", "{55A8E48C-7B04-E41E-2B0F-966A714A5281}"
EndProject
Project("{FAE04EC0-301F-11D3-BF4B-00C04F79EFBC}") = "Codemy.Courses.Infrastructure", "src\Services\Courses\Infrastructure\Codemy.Courses.Infrastructure.csproj", "{DEF8BC76-7EF8-A8AB-DF99-8695BA15CF9E}"
EndProject
Global
	GlobalSection(SolutionConfigurationPlatforms) = preSolution
		Debug|Any CPU = Debug|Any CPU
		Release|Any CPU = Release|Any CPU
	EndGlobalSection
	GlobalSection(ProjectConfigurationPlatforms) = postSolution
		{D6C3AA30-9567-4B4E-A831-67FEE9D3B3C2}.Debug|Any CPU.ActiveCfg = Debug|Any CPU
		{D6C3AA30-9567-4B4E-A831-67FEE9D3B3C2}.Debug|Any CPU.Build.0 = Debug|Any CPU
		{D6C3AA30-9567-4B4E-A831-67FEE9D3B3C2}.Release|Any CPU.ActiveCfg = Release|Any CPU
		{D6C3AA30-9567-4B4E-A831-67FEE9D3B3C2}.Release|Any CPU.Build.0 = Release|Any CPU
		{3825D5ED-AC63-4629-A61B-75A2FF920E4D}.Debug|Any CPU.ActiveCfg = Debug|Any CPU
		{3825D5ED-AC63-4629-A61B-75A2FF920E4D}.Debug|Any CPU.Build.0 = Debug|Any CPU
		{3825D5ED-AC63-4629-A61B-75A2FF920E4D}.Release|Any CPU.ActiveCfg = Release|Any CPU
		{3825D5ED-AC63-4629-A61B-75A2FF920E4D}.Release|Any CPU.Build.0 = Release|Any CPU
		{7E457CBA-F820-46A8-B980-289DF41BA5ED}.Debug|Any CPU.ActiveCfg = Debug|Any CPU
		{7E457CBA-F820-46A8-B980-289DF41BA5ED}.Debug|Any CPU.Build.0 = Debug|Any CPU
		{7E457CBA-F820-46A8-B980-289DF41BA5ED}.Release|Any CPU.ActiveCfg = Release|Any CPU
		{7E457CBA-F820-46A8-B980-289DF41BA5ED}.Release|Any CPU.Build.0 = Release|Any CPU
		{9F3AAD31-DD4F-4A8E-974E-75AD808E6B33}.Debug|Any CPU.ActiveCfg = Debug|Any CPU
		{9F3AAD31-DD4F-4A8E-974E-75AD808E6B33}.Debug|Any CPU.Build.0 = Debug|Any CPU
		{9F3AAD31-DD4F-4A8E-974E-75AD808E6B33}.Release|Any CPU.ActiveCfg = Release|Any CPU
		{9F3AAD31-DD4F-4A8E-974E-75AD808E6B33}.Release|Any CPU.Build.0 = Release|Any CPU
		{433CF4B4-FDEE-48F1-883C-D836E3F52D42}.Debug|Any CPU.ActiveCfg = Debug|Any CPU
		{433CF4B4-FDEE-48F1-883C-D836E3F52D42}.Debug|Any CPU.Build.0 = Debug|Any CPU
		{433CF4B4-FDEE-48F1-883C-D836E3F52D42}.Release|Any CPU.ActiveCfg = Release|Any CPU
		{433CF4B4-FDEE-48F1-883C-D836E3F52D42}.Release|Any CPU.Build.0 = Release|Any CPU
		{E1CDB1EA-B6F2-4FD9-8423-9B03BFA678DE}.Debug|Any CPU.ActiveCfg = Debug|Any CPU
		{E1CDB1EA-B6F2-4FD9-8423-9B03BFA678DE}.Debug|Any CPU.Build.0 = Debug|Any CPU
		{E1CDB1EA-B6F2-4FD9-8423-9B03BFA678DE}.Release|Any CPU.ActiveCfg = Release|Any CPU
		{E1CDB1EA-B6F2-4FD9-8423-9B03BFA678DE}.Release|Any CPU.Build.0 = Release|Any CPU
		{705AEFA5-3207-4ED6-A28D-ECB21D9C2BF0}.Debug|Any CPU.ActiveCfg = Debug|Any CPU
		{705AEFA5-3207-4ED6-A28D-ECB21D9C2BF0}.Debug|Any CPU.Build.0 = Debug|Any CPU
		{705AEFA5-3207-4ED6-A28D-ECB21D9C2BF0}.Release|Any CPU.ActiveCfg = Release|Any CPU
		{705AEFA5-3207-4ED6-A28D-ECB21D9C2BF0}.Release|Any CPU.Build.0 = Release|Any CPU
		{2980723F-1FA2-439A-AB1C-2190C6B4AB8A}.Debug|Any CPU.ActiveCfg = Debug|Any CPU
		{2980723F-1FA2-439A-AB1C-2190C6B4AB8A}.Debug|Any CPU.Build.0 = Debug|Any CPU
		{2980723F-1FA2-439A-AB1C-2190C6B4AB8A}.Release|Any CPU.ActiveCfg = Release|Any CPU
		{2980723F-1FA2-439A-AB1C-2190C6B4AB8A}.Release|Any CPU.Build.0 = Release|Any CPU
		{1E02AC58-34D1-4148-833C-5CB7D33D7D00}.Debug|Any CPU.ActiveCfg = Debug|Any CPU
		{1E02AC58-34D1-4148-833C-5CB7D33D7D00}.Debug|Any CPU.Build.0 = Debug|Any CPU
		{1E02AC58-34D1-4148-833C-5CB7D33D7D00}.Release|Any CPU.ActiveCfg = Release|Any CPU
		{1E02AC58-34D1-4148-833C-5CB7D33D7D00}.Release|Any CPU.Build.0 = Release|Any CPU
		{FC7DD85E-3187-4A9C-BCC8-5922F784942D}.Debug|Any CPU.ActiveCfg = Debug|Any CPU
		{FC7DD85E-3187-4A9C-BCC8-5922F784942D}.Debug|Any CPU.Build.0 = Debug|Any CPU
		{FC7DD85E-3187-4A9C-BCC8-5922F784942D}.Release|Any CPU.ActiveCfg = Release|Any CPU
		{FC7DD85E-3187-4A9C-BCC8-5922F784942D}.Release|Any CPU.Build.0 = Release|Any CPU
		{EF77FEAE-C3F9-43F7-B901-68EE741B1AB5}.Debug|Any CPU.ActiveCfg = Debug|Any CPU
		{EF77FEAE-C3F9-43F7-B901-68EE741B1AB5}.Debug|Any CPU.Build.0 = Debug|Any CPU
		{EF77FEAE-C3F9-43F7-B901-68EE741B1AB5}.Release|Any CPU.ActiveCfg = Release|Any CPU
		{EF77FEAE-C3F9-43F7-B901-68EE741B1AB5}.Release|Any CPU.Build.0 = Release|Any CPU
		{9A8884DD-EC25-4D97-9D79-E10538C9DC99}.Debug|Any CPU.ActiveCfg = Debug|Any CPU
		{9A8884DD-EC25-4D97-9D79-E10538C9DC99}.Debug|Any CPU.Build.0 = Debug|Any CPU
		{9A8884DD-EC25-4D97-9D79-E10538C9DC99}.Release|Any CPU.ActiveCfg = Release|Any CPU
		{9A8884DD-EC25-4D97-9D79-E10538C9DC99}.Release|Any CPU.Build.0 = Release|Any CPU
		{897C67EA-5FE1-4238-8A57-B1E828583F25}.Debug|Any CPU.ActiveCfg = Debug|Any CPU
		{897C67EA-5FE1-4238-8A57-B1E828583F25}.Debug|Any CPU.Build.0 = Debug|Any CPU
		{897C67EA-5FE1-4238-8A57-B1E828583F25}.Release|Any CPU.ActiveCfg = Release|Any CPU
		{897C67EA-5FE1-4238-8A57-B1E828583F25}.Release|Any CPU.Build.0 = Release|Any CPU
		{DAA42171-4DBC-4A6A-A981-914F6029AEFC}.Debug|Any CPU.ActiveCfg = Debug|Any CPU
		{DAA42171-4DBC-4A6A-A981-914F6029AEFC}.Debug|Any CPU.Build.0 = Debug|Any CPU
		{DAA42171-4DBC-4A6A-A981-914F6029AEFC}.Release|Any CPU.ActiveCfg = Release|Any CPU
		{DAA42171-4DBC-4A6A-A981-914F6029AEFC}.Release|Any CPU.Build.0 = Release|Any CPU
		{1D6A37A5-52BC-4C09-BB86-29E18C28B8DB}.Debug|Any CPU.ActiveCfg = Debug|Any CPU
		{1D6A37A5-52BC-4C09-BB86-29E18C28B8DB}.Debug|Any CPU.Build.0 = Debug|Any CPU
		{1D6A37A5-52BC-4C09-BB86-29E18C28B8DB}.Release|Any CPU.ActiveCfg = Release|Any CPU
		{1D6A37A5-52BC-4C09-BB86-29E18C28B8DB}.Release|Any CPU.Build.0 = Release|Any CPU
		{6D348AF4-1DAA-49E1-B644-5495AE82338F}.Debug|Any CPU.ActiveCfg = Debug|Any CPU
		{6D348AF4-1DAA-49E1-B644-5495AE82338F}.Debug|Any CPU.Build.0 = Debug|Any CPU
		{6D348AF4-1DAA-49E1-B644-5495AE82338F}.Release|Any CPU.ActiveCfg = Release|Any CPU
		{6D348AF4-1DAA-49E1-B644-5495AE82338F}.Release|Any CPU.Build.0 = Release|Any CPU
		{A20640F8-57BB-42A3-950C-10830AFA243D}.Debug|Any CPU.ActiveCfg = Debug|Any CPU
		{A20640F8-57BB-42A3-950C-10830AFA243D}.Debug|Any CPU.Build.0 = Debug|Any CPU
		{A20640F8-57BB-42A3-950C-10830AFA243D}.Release|Any CPU.ActiveCfg = Release|Any CPU
		{A20640F8-57BB-42A3-950C-10830AFA243D}.Release|Any CPU.Build.0 = Release|Any CPU
		{3630F846-8AC6-4296-9185-5B55BE542233}.Debug|Any CPU.ActiveCfg = Debug|Any CPU
		{3630F846-8AC6-4296-9185-5B55BE542233}.Debug|Any CPU.Build.0 = Debug|Any CPU
		{3630F846-8AC6-4296-9185-5B55BE542233}.Release|Any CPU.ActiveCfg = Release|Any CPU
		{3630F846-8AC6-4296-9185-5B55BE542233}.Release|Any CPU.Build.0 = Release|Any CPU
		{21455CB7-293A-4AA6-84F0-638F741A2273}.Debug|Any CPU.ActiveCfg = Debug|Any CPU
		{21455CB7-293A-4AA6-84F0-638F741A2273}.Debug|Any CPU.Build.0 = Debug|Any CPU
		{21455CB7-293A-4AA6-84F0-638F741A2273}.Release|Any CPU.ActiveCfg = Release|Any CPU
		{21455CB7-293A-4AA6-84F0-638F741A2273}.Release|Any CPU.Build.0 = Release|Any CPU
		{27573C83-9E74-444B-B7D2-BD42B3D3827F}.Debug|Any CPU.ActiveCfg = Debug|Any CPU
		{27573C83-9E74-444B-B7D2-BD42B3D3827F}.Debug|Any CPU.Build.0 = Debug|Any CPU
		{27573C83-9E74-444B-B7D2-BD42B3D3827F}.Release|Any CPU.ActiveCfg = Release|Any CPU
		{27573C83-9E74-444B-B7D2-BD42B3D3827F}.Release|Any CPU.Build.0 = Release|Any CPU
		{C0D9B37D-12BD-486C-BFFD-B8886E7674F8}.Debug|Any CPU.ActiveCfg = Debug|Any CPU
		{C0D9B37D-12BD-486C-BFFD-B8886E7674F8}.Debug|Any CPU.Build.0 = Debug|Any CPU
		{C0D9B37D-12BD-486C-BFFD-B8886E7674F8}.Release|Any CPU.ActiveCfg = Release|Any CPU
		{C0D9B37D-12BD-486C-BFFD-B8886E7674F8}.Release|Any CPU.Build.0 = Release|Any CPU
		{FC78B755-23F8-428E-AFA6-4A548B0F7DA6}.Debug|Any CPU.ActiveCfg = Debug|Any CPU
		{FC78B755-23F8-428E-AFA6-4A548B0F7DA6}.Debug|Any CPU.Build.0 = Debug|Any CPU
		{FC78B755-23F8-428E-AFA6-4A548B0F7DA6}.Release|Any CPU.ActiveCfg = Release|Any CPU
		{FC78B755-23F8-428E-AFA6-4A548B0F7DA6}.Release|Any CPU.Build.0 = Release|Any CPU
		{95A0BDA4-22B6-4A1C-BEB6-01091F107D5C}.Debug|Any CPU.ActiveCfg = Debug|Any CPU
		{95A0BDA4-22B6-4A1C-BEB6-01091F107D5C}.Debug|Any CPU.Build.0 = Debug|Any CPU
		{95A0BDA4-22B6-4A1C-BEB6-01091F107D5C}.Release|Any CPU.ActiveCfg = Release|Any CPU
		{95A0BDA4-22B6-4A1C-BEB6-01091F107D5C}.Release|Any CPU.Build.0 = Release|Any CPU
		{F86E7A6E-BAFC-44E2-A1FC-8DC1CC035362}.Debug|Any CPU.ActiveCfg = Debug|Any CPU
		{F86E7A6E-BAFC-44E2-A1FC-8DC1CC035362}.Debug|Any CPU.Build.0 = Debug|Any CPU
		{F86E7A6E-BAFC-44E2-A1FC-8DC1CC035362}.Release|Any CPU.ActiveCfg = Release|Any CPU
		{F86E7A6E-BAFC-44E2-A1FC-8DC1CC035362}.Release|Any CPU.Build.0 = Release|Any CPU
		{EC015BAC-57FD-40B9-95AA-FA6C8B96DBA3}.Debug|Any CPU.ActiveCfg = Debug|Any CPU
		{EC015BAC-57FD-40B9-95AA-FA6C8B96DBA3}.Debug|Any CPU.Build.0 = Debug|Any CPU
		{EC015BAC-57FD-40B9-95AA-FA6C8B96DBA3}.Release|Any CPU.ActiveCfg = Release|Any CPU
		{EC015BAC-57FD-40B9-95AA-FA6C8B96DBA3}.Release|Any CPU.Build.0 = Release|Any CPU
		{5B8B3713-9B53-40E5-A065-C83FADEC8A45}.Debug|Any CPU.ActiveCfg = Debug|Any CPU
		{5B8B3713-9B53-40E5-A065-C83FADEC8A45}.Debug|Any CPU.Build.0 = Debug|Any CPU
		{5B8B3713-9B53-40E5-A065-C83FADEC8A45}.Release|Any CPU.ActiveCfg = Release|Any CPU
		{5B8B3713-9B53-40E5-A065-C83FADEC8A45}.Release|Any CPU.Build.0 = Release|Any CPU
		{B8441DCF-439F-4338-B2A8-2474FDC76F42}.Debug|Any CPU.ActiveCfg = Debug|Any CPU
		{B8441DCF-439F-4338-B2A8-2474FDC76F42}.Debug|Any CPU.Build.0 = Debug|Any CPU
		{B8441DCF-439F-4338-B2A8-2474FDC76F42}.Release|Any CPU.ActiveCfg = Release|Any CPU
		{B8441DCF-439F-4338-B2A8-2474FDC76F42}.Release|Any CPU.Build.0 = Release|Any CPU
		{912FC698-9AAA-4D0E-887E-8AD80E238C78}.Debug|Any CPU.ActiveCfg = Debug|Any CPU
		{912FC698-9AAA-4D0E-887E-8AD80E238C78}.Debug|Any CPU.Build.0 = Debug|Any CPU
		{912FC698-9AAA-4D0E-887E-8AD80E238C78}.Release|Any CPU.ActiveCfg = Release|Any CPU
		{912FC698-9AAA-4D0E-887E-8AD80E238C78}.Release|Any CPU.Build.0 = Release|Any CPU
		{98D7B548-550E-46C2-AB63-449DDA3A49D0}.Debug|Any CPU.ActiveCfg = Debug|Any CPU
		{98D7B548-550E-46C2-AB63-449DDA3A49D0}.Debug|Any CPU.Build.0 = Debug|Any CPU
		{98D7B548-550E-46C2-AB63-449DDA3A49D0}.Release|Any CPU.ActiveCfg = Release|Any CPU
		{98D7B548-550E-46C2-AB63-449DDA3A49D0}.Release|Any CPU.Build.0 = Release|Any CPU
		{8A78E7C7-75C8-4CB9-9EA2-78F3AC282D49}.Debug|Any CPU.ActiveCfg = Debug|Any CPU
		{8A78E7C7-75C8-4CB9-9EA2-78F3AC282D49}.Debug|Any CPU.Build.0 = Debug|Any CPU
		{8A78E7C7-75C8-4CB9-9EA2-78F3AC282D49}.Release|Any CPU.ActiveCfg = Release|Any CPU
		{8A78E7C7-75C8-4CB9-9EA2-78F3AC282D49}.Release|Any CPU.Build.0 = Release|Any CPU
		{ADDE3711-FFE4-4C9E-AC7D-618D66CE632B}.Debug|Any CPU.ActiveCfg = Debug|Any CPU
		{ADDE3711-FFE4-4C9E-AC7D-618D66CE632B}.Debug|Any CPU.Build.0 = Debug|Any CPU
		{ADDE3711-FFE4-4C9E-AC7D-618D66CE632B}.Release|Any CPU.ActiveCfg = Release|Any CPU
		{ADDE3711-FFE4-4C9E-AC7D-618D66CE632B}.Release|Any CPU.Build.0 = Release|Any CPU
		{CC2FAD9F-6054-4BFB-A0AE-2B4C48F6F340}.Debug|Any CPU.ActiveCfg = Debug|Any CPU
		{CC2FAD9F-6054-4BFB-A0AE-2B4C48F6F340}.Debug|Any CPU.Build.0 = Debug|Any CPU
		{CC2FAD9F-6054-4BFB-A0AE-2B4C48F6F340}.Release|Any CPU.ActiveCfg = Release|Any CPU
		{CC2FAD9F-6054-4BFB-A0AE-2B4C48F6F340}.Release|Any CPU.Build.0 = Release|Any CPU
		{D78A03B1-8A9C-477B-8A14-856A158F59CB}.Debug|Any CPU.ActiveCfg = Debug|Any CPU
		{D78A03B1-8A9C-477B-8A14-856A158F59CB}.Debug|Any CPU.Build.0 = Debug|Any CPU
		{D78A03B1-8A9C-477B-8A14-856A158F59CB}.Release|Any CPU.ActiveCfg = Release|Any CPU
		{D78A03B1-8A9C-477B-8A14-856A158F59CB}.Release|Any CPU.Build.0 = Release|Any CPU
		{7D8E6F50-5923-4BF8-AA81-176AF29B6A7B}.Debug|Any CPU.ActiveCfg = Debug|Any CPU
		{7D8E6F50-5923-4BF8-AA81-176AF29B6A7B}.Debug|Any CPU.Build.0 = Debug|Any CPU
		{7D8E6F50-5923-4BF8-AA81-176AF29B6A7B}.Release|Any CPU.ActiveCfg = Release|Any CPU
		{7D8E6F50-5923-4BF8-AA81-176AF29B6A7B}.Release|Any CPU.Build.0 = Release|Any CPU
		{1DE68D2C-D5AC-48CF-9B18-C27BF4A98542}.Debug|Any CPU.ActiveCfg = Debug|Any CPU
		{1DE68D2C-D5AC-48CF-9B18-C27BF4A98542}.Debug|Any CPU.Build.0 = Debug|Any CPU
		{1DE68D2C-D5AC-48CF-9B18-C27BF4A98542}.Release|Any CPU.ActiveCfg = Release|Any CPU
		{1DE68D2C-D5AC-48CF-9B18-C27BF4A98542}.Release|Any CPU.Build.0 = Release|Any CPU
		{D3EB688C-3B78-4674-8283-595908A2FF76}.Debug|Any CPU.ActiveCfg = Debug|Any CPU
		{D3EB688C-3B78-4674-8283-595908A2FF76}.Debug|Any CPU.Build.0 = Debug|Any CPU
		{D3EB688C-3B78-4674-8283-595908A2FF76}.Release|Any CPU.ActiveCfg = Release|Any CPU
		{D3EB688C-3B78-4674-8283-595908A2FF76}.Release|Any CPU.Build.0 = Release|Any CPU
		{19EED3F5-718D-48A2-8BA2-3009D8EEBABE}.Debug|Any CPU.ActiveCfg = Debug|Any CPU
		{19EED3F5-718D-48A2-8BA2-3009D8EEBABE}.Debug|Any CPU.Build.0 = Debug|Any CPU
		{19EED3F5-718D-48A2-8BA2-3009D8EEBABE}.Release|Any CPU.ActiveCfg = Release|Any CPU
		{19EED3F5-718D-48A2-8BA2-3009D8EEBABE}.Release|Any CPU.Build.0 = Release|Any CPU
		{633F901B-094A-47F1-B528-B2D57243A383}.Debug|Any CPU.ActiveCfg = Debug|Any CPU
		{633F901B-094A-47F1-B528-B2D57243A383}.Debug|Any CPU.Build.0 = Debug|Any CPU
		{633F901B-094A-47F1-B528-B2D57243A383}.Release|Any CPU.ActiveCfg = Release|Any CPU
		{633F901B-094A-47F1-B528-B2D57243A383}.Release|Any CPU.Build.0 = Release|Any CPU
		{0C44D27E-0639-99A6-FC0D-FD4C6ED40334}.Debug|Any CPU.ActiveCfg = Debug|Any CPU
		{0C44D27E-0639-99A6-FC0D-FD4C6ED40334}.Debug|Any CPU.Build.0 = Debug|Any CPU
		{0C44D27E-0639-99A6-FC0D-FD4C6ED40334}.Release|Any CPU.ActiveCfg = Release|Any CPU
		{0C44D27E-0639-99A6-FC0D-FD4C6ED40334}.Release|Any CPU.Build.0 = Release|Any CPU
		{7E8D0464-515A-9D5E-D7FC-7D59BDD6A1C3}.Debug|Any CPU.ActiveCfg = Debug|Any CPU
		{7E8D0464-515A-9D5E-D7FC-7D59BDD6A1C3}.Debug|Any CPU.Build.0 = Debug|Any CPU
		{7E8D0464-515A-9D5E-D7FC-7D59BDD6A1C3}.Release|Any CPU.ActiveCfg = Release|Any CPU
		{7E8D0464-515A-9D5E-D7FC-7D59BDD6A1C3}.Release|Any CPU.Build.0 = Release|Any CPU
		{55A8E48C-7B04-E41E-2B0F-966A714A5281}.Debug|Any CPU.ActiveCfg = Debug|Any CPU
		{55A8E48C-7B04-E41E-2B0F-966A714A5281}.Debug|Any CPU.Build.0 = Debug|Any CPU
		{55A8E48C-7B04-E41E-2B0F-966A714A5281}.Release|Any CPU.ActiveCfg = Release|Any CPU
		{55A8E48C-7B04-E41E-2B0F-966A714A5281}.Release|Any CPU.Build.0 = Release|Any CPU
		{DEF8BC76-7EF8-A8AB-DF99-8695BA15CF9E}.Debug|Any CPU.ActiveCfg = Debug|Any CPU
		{DEF8BC76-7EF8-A8AB-DF99-8695BA15CF9E}.Debug|Any CPU.Build.0 = Debug|Any CPU
		{DEF8BC76-7EF8-A8AB-DF99-8695BA15CF9E}.Release|Any CPU.ActiveCfg = Release|Any CPU
		{DEF8BC76-7EF8-A8AB-DF99-8695BA15CF9E}.Release|Any CPU.Build.0 = Release|Any CPU
	EndGlobalSection
	GlobalSection(SolutionProperties) = preSolution
		HideSolutionNode = FALSE
	EndGlobalSection
	GlobalSection(NestedProjects) = preSolution
		{D6C3AA30-9567-4B4E-A831-67FEE9D3B3C2} = {F91DC6BF-EC83-49AE-AEC3-D24AA641E8BE}
		{403D4A00-0723-486D-96B8-7569AA823E4B} = {02EA681E-C7D8-13C7-8484-4AC65E1B71E8}
		{6F5856A8-9C9A-4C39-8B82-15641093381B} = {02EA681E-C7D8-13C7-8484-4AC65E1B71E8}
		{F91DC6BF-EC83-49AE-AEC3-D24AA641E8BE} = {6F5856A8-9C9A-4C39-8B82-15641093381B}
		{56283B81-EABB-47EC-9644-4CD6D05E0F18} = {6F5856A8-9C9A-4C39-8B82-15641093381B}
		{E8F586E1-2B79-4EE5-91AE-B83A4898D12A} = {6F5856A8-9C9A-4C39-8B82-15641093381B}
		{31307A0C-4086-4842-92BC-9FD931AA8CF5} = {6F5856A8-9C9A-4C39-8B82-15641093381B}
		{A8B11084-8AE3-4C30-831B-AC8A79A73E10} = {6F5856A8-9C9A-4C39-8B82-15641093381B}
		{9B74312C-CFCE-4828-801A-421532E300E0} = {6F5856A8-9C9A-4C39-8B82-15641093381B}
		{4129C421-A4A0-4D1B-8777-77FA9B8DD39B} = {6F5856A8-9C9A-4C39-8B82-15641093381B}
		{1FD65424-EA29-4389-B71D-1031ECA31317} = {02EA681E-C7D8-13C7-8484-4AC65E1B71E8}
		{3825D5ED-AC63-4629-A61B-75A2FF920E4D} = {F91DC6BF-EC83-49AE-AEC3-D24AA641E8BE}
		{7E457CBA-F820-46A8-B980-289DF41BA5ED} = {F91DC6BF-EC83-49AE-AEC3-D24AA641E8BE}
		{9F3AAD31-DD4F-4A8E-974E-75AD808E6B33} = {F91DC6BF-EC83-49AE-AEC3-D24AA641E8BE}
		{433CF4B4-FDEE-48F1-883C-D836E3F52D42} = {56283B81-EABB-47EC-9644-4CD6D05E0F18}
		{E1CDB1EA-B6F2-4FD9-8423-9B03BFA678DE} = {56283B81-EABB-47EC-9644-4CD6D05E0F18}
		{705AEFA5-3207-4ED6-A28D-ECB21D9C2BF0} = {56283B81-EABB-47EC-9644-4CD6D05E0F18}
		{2980723F-1FA2-439A-AB1C-2190C6B4AB8A} = {56283B81-EABB-47EC-9644-4CD6D05E0F18}
		{1E02AC58-34D1-4148-833C-5CB7D33D7D00} = {E8F586E1-2B79-4EE5-91AE-B83A4898D12A}
		{FC7DD85E-3187-4A9C-BCC8-5922F784942D} = {E8F586E1-2B79-4EE5-91AE-B83A4898D12A}
		{EF77FEAE-C3F9-43F7-B901-68EE741B1AB5} = {E8F586E1-2B79-4EE5-91AE-B83A4898D12A}
		{9A8884DD-EC25-4D97-9D79-E10538C9DC99} = {E8F586E1-2B79-4EE5-91AE-B83A4898D12A}
		{897C67EA-5FE1-4238-8A57-B1E828583F25} = {31307A0C-4086-4842-92BC-9FD931AA8CF5}
		{DAA42171-4DBC-4A6A-A981-914F6029AEFC} = {31307A0C-4086-4842-92BC-9FD931AA8CF5}
		{1D6A37A5-52BC-4C09-BB86-29E18C28B8DB} = {31307A0C-4086-4842-92BC-9FD931AA8CF5}
		{6D348AF4-1DAA-49E1-B644-5495AE82338F} = {31307A0C-4086-4842-92BC-9FD931AA8CF5}
		{A20640F8-57BB-42A3-950C-10830AFA243D} = {A8B11084-8AE3-4C30-831B-AC8A79A73E10}
		{3630F846-8AC6-4296-9185-5B55BE542233} = {A8B11084-8AE3-4C30-831B-AC8A79A73E10}
		{21455CB7-293A-4AA6-84F0-638F741A2273} = {A8B11084-8AE3-4C30-831B-AC8A79A73E10}
		{27573C83-9E74-444B-B7D2-BD42B3D3827F} = {A8B11084-8AE3-4C30-831B-AC8A79A73E10}
		{C0D9B37D-12BD-486C-BFFD-B8886E7674F8} = {9B74312C-CFCE-4828-801A-421532E300E0}
		{FC78B755-23F8-428E-AFA6-4A548B0F7DA6} = {9B74312C-CFCE-4828-801A-421532E300E0}
		{95A0BDA4-22B6-4A1C-BEB6-01091F107D5C} = {9B74312C-CFCE-4828-801A-421532E300E0}
		{F86E7A6E-BAFC-44E2-A1FC-8DC1CC035362} = {4129C421-A4A0-4D1B-8777-77FA9B8DD39B}
		{EC015BAC-57FD-40B9-95AA-FA6C8B96DBA3} = {4129C421-A4A0-4D1B-8777-77FA9B8DD39B}
		{5B8B3713-9B53-40E5-A065-C83FADEC8A45} = {4129C421-A4A0-4D1B-8777-77FA9B8DD39B}
		{B8441DCF-439F-4338-B2A8-2474FDC76F42} = {403D4A00-0723-486D-96B8-7569AA823E4B}
		{912FC698-9AAA-4D0E-887E-8AD80E238C78} = {1FD65424-EA29-4389-B71D-1031ECA31317}
		{98D7B548-550E-46C2-AB63-449DDA3A49D0} = {1FD65424-EA29-4389-B71D-1031ECA31317}
		{8A78E7C7-75C8-4CB9-9EA2-78F3AC282D49} = {1FD65424-EA29-4389-B71D-1031ECA31317}
		{ADDE3711-FFE4-4C9E-AC7D-618D66CE632B} = {1FD65424-EA29-4389-B71D-1031ECA31317}
		{CC2FAD9F-6054-4BFB-A0AE-2B4C48F6F340} = {F5E98538-C58C-4781-BBCA-5D9444BB9092}
		{D78A03B1-8A9C-477B-8A14-856A158F59CB} = {F5E98538-C58C-4781-BBCA-5D9444BB9092}
		{7D8E6F50-5923-4BF8-AA81-176AF29B6A7B} = {1FD65424-EA29-4389-B71D-1031ECA31317}
		{58390FDC-7398-444A-B305-841F6301AB4F} = {02EA681E-C7D8-13C7-8484-4AC65E1B71E8}
		{1DE68D2C-D5AC-48CF-9B18-C27BF4A98542} = {58390FDC-7398-444A-B305-841F6301AB4F}
		{D3EB688C-3B78-4674-8283-595908A2FF76} = {58390FDC-7398-444A-B305-841F6301AB4F}
		{19EED3F5-718D-48A2-8BA2-3009D8EEBABE} = {58390FDC-7398-444A-B305-841F6301AB4F}
		{633F901B-094A-47F1-B528-B2D57243A383} = {58390FDC-7398-444A-B305-841F6301AB4F}
		{CAFB4736-B56B-4795-A948-9288A5500C8F} = {6F5856A8-9C9A-4C39-8B82-15641093381B}
		{0C44D27E-0639-99A6-FC0D-FD4C6ED40334} = {CAFB4736-B56B-4795-A948-9288A5500C8F}
		{7E8D0464-515A-9D5E-D7FC-7D59BDD6A1C3} = {CAFB4736-B56B-4795-A948-9288A5500C8F}
		{55A8E48C-7B04-E41E-2B0F-966A714A5281} = {CAFB4736-B56B-4795-A948-9288A5500C8F}
		{DEF8BC76-7EF8-A8AB-DF99-8695BA15CF9E} = {CAFB4736-B56B-4795-A948-9288A5500C8F}
	EndGlobalSection
	GlobalSection(ExtensibilityGlobals) = postSolution
		SolutionGuid = {4497A172-250C-4FB3-89F7-198EE405B52D}
	EndGlobalSection
EndGlobal
